Microsoft Visual Studio Solution File, Format Version 12.00
# Visual Studio 15
VisualStudioVersion = 15.0.28307.1022
MinimumVisualStudioVersion = 10.0.40219.1
Project("{FAE04EC0-301F-11D3-BF4B-00C04F79EFBC}") = "SonicCD.Win32", "SonicCD.Win32.csproj", "{46041AEF-A90B-44A7-974B-AB44A29F03A2}"
EndProject
Project("{D954291E-2A0B-460D-934E-DC6B0785DB48}") = "SonicCD", "..\SonicCD\SonicCD.shproj", "{3001FFF0-B5E2-4E99-965E-17507AAD469B}"
EndProject
Project("{FAE04EC0-301F-11D3-BF4B-00C04F79EFBC}") = "SonicCD.UWP", "..\SonicCD.UWP\SonicCD.UWP.csproj", "{11291180-2B85-4540-BC08-ED4BBD24601F}"
EndProject
Global
	GlobalSection(SharedMSBuildProjectFiles) = preSolution
		..\SonicCD\SonicCD.projitems*{11291180-2b85-4540-bc08-ed4bbd24601f}*SharedItemsImports = 4
		..\SonicCD\SonicCD.projitems*{3001fff0-b5e2-4e99-965e-17507aad469b}*SharedItemsImports = 13
		..\SonicCD\SonicCD.projitems*{46041aef-a90b-44a7-974b-ab44a29f03a2}*SharedItemsImports = 4
	EndGlobalSection
	GlobalSection(SolutionConfigurationPlatforms) = preSolution
		Debug|Any CPU = Debug|Any CPU
		Debug|ARM = Debug|ARM
		Debug|x64 = Debug|x64
		Debug|x86 = Debug|x86
		Release|Any CPU = Release|Any CPU
		Release|ARM = Release|ARM
		Release|x64 = Release|x64
		Release|x86 = Release|x86
	EndGlobalSection
	GlobalSection(ProjectConfigurationPlatforms) = postSolution
		{46041AEF-A90B-44A7-974B-AB44A29F03A2}.Debug|Any CPU.ActiveCfg = Debug|Any CPU
		{46041AEF-A90B-44A7-974B-AB44A29F03A2}.Debug|Any CPU.Build.0 = Debug|Any CPU
		{46041AEF-A90B-44A7-974B-AB44A29F03A2}.Debug|ARM.ActiveCfg = Debug|Any CPU
		{46041AEF-A90B-44A7-974B-AB44A29F03A2}.Debug|ARM.Build.0 = Debug|Any CPU
		{46041AEF-A90B-44A7-974B-AB44A29F03A2}.Debug|x64.ActiveCfg = Debug|Any CPU
		{46041AEF-A90B-44A7-974B-AB44A29F03A2}.Debug|x64.Build.0 = Debug|Any CPU
		{46041AEF-A90B-44A7-974B-AB44A29F03A2}.Debug|x86.ActiveCfg = Debug|Any CPU
		{46041AEF-A90B-44A7-974B-AB44A29F03A2}.Debug|x86.Build.0 = Debug|Any CPU
		{46041AEF-A90B-44A7-974B-AB44A29F03A2}.Release|Any CPU.ActiveCfg = Release|Any CPU
		{46041AEF-A90B-44A7-974B-AB44A29F03A2}.Release|Any CPU.Build.0 = Release|Any CPU
		{46041AEF-A90B-44A7-974B-AB44A29F03A2}.Release|ARM.ActiveCfg = Release|Any CPU
		{46041AEF-A90B-44A7-974B-AB44A29F03A2}.Release|ARM.Build.0 = Release|Any CPU
		{46041AEF-A90B-44A7-974B-AB44A29F03A2}.Release|x64.ActiveCfg = Release|Any CPU
		{46041AEF-A90B-44A7-974B-AB44A29F03A2}.Release|x64.Build.0 = Release|Any CPU
		{46041AEF-A90B-44A7-974B-AB44A29F03A2}.Release|x86.ActiveCfg = Release|Any CPU
		{46041AEF-A90B-44A7-974B-AB44A29F03A2}.Release|x86.Build.0 = Release|Any CPU
		{11291180-2B85-4540-BC08-ED4BBD24601F}.Debug|Any CPU.ActiveCfg = Debug|x86
		{11291180-2B85-4540-BC08-ED4BBD24601F}.Debug|Any CPU.Build.0 = Debug|x86
		{11291180-2B85-4540-BC08-ED4BBD24601F}.Debug|Any CPU.Deploy.0 = Debug|x86
		{11291180-2B85-4540-BC08-ED4BBD24601F}.Debug|ARM.ActiveCfg = Debug|ARM
		{11291180-2B85-4540-BC08-ED4BBD24601F}.Debug|ARM.Build.0 = Debug|ARM
		{11291180-2B85-4540-BC08-ED4BBD24601F}.Debug|ARM.Deploy.0 = Debug|ARM
		{11291180-2B85-4540-BC08-ED4BBD24601F}.Debug|x64.ActiveCfg = Debug|x64
		{11291180-2B85-4540-BC08-ED4BBD24601F}.Debug|x64.Build.0 = Debug|x64
		{11291180-2B85-4540-BC08-ED4BBD24601F}.Debug|x64.Deploy.0 = Debug|x64
		{11291180-2B85-4540-BC08-ED4BBD24601F}.Debug|x86.ActiveCfg = Debug|x86
		{11291180-2B85-4540-BC08-ED4BBD24601F}.Debug|x86.Build.0 = Debug|x86
		{11291180-2B85-4540-BC08-ED4BBD24601F}.Debug|x86.Deploy.0 = Debug|x86
		{11291180-2B85-4540-BC08-ED4BBD24601F}.Release|Any CPU.ActiveCfg = Release|x86
		{11291180-2B85-4540-BC08-ED4BBD24601F}.Release|ARM.ActiveCfg = Release|ARM
		{11291180-2B85-4540-BC08-ED4BBD24601F}.Release|ARM.Build.0 = Release|ARM
		{11291180-2B85-4540-BC08-ED4BBD24601F}.Release|ARM.Deploy.0 = Release|ARM
		{11291180-2B85-4540-BC08-ED4BBD24601F}.Release|x64.ActiveCfg = Release|x64
		{11291180-2B85-4540-BC08-ED4BBD24601F}.Release|x64.Build.0 = Release|x64
		{11291180-2B85-4540-BC08-ED4BBD24601F}.Release|x64.Deploy.0 = Release|x64
		{11291180-2B85-4540-BC08-ED4BBD24601F}.Release|x86.ActiveCfg = Release|x86
		{11291180-2B85-4540-BC08-ED4BBD24601F}.Release|x86.Build.0 = Release|x86
		{11291180-2B85-4540-BC08-ED4BBD24601F}.Release|x86.Deploy.0 = Release|x86
	EndGlobalSection
	GlobalSection(SolutionProperties) = preSolution
		HideSolutionNode = FALSE
	EndGlobalSection
	GlobalSection(ExtensibilityGlobals) = postSolution
		SolutionGuid = {B3722C15-870D-4664-A8C4-B9371D600986}
	EndGlobalSection
EndGlobal
